
Microsoft Visual Studio Solution File, Format Version 12.00
# Visual Studio Version 17
VisualStudioVersion = 17.2.32616.157
MinimumVisualStudioVersion = 10.0.40219.1
Project("{FAE04EC0-301F-11D3-BF4B-00C04F79EFBC}") = "Educational_Api", "Educational_Api\Educational_Api.csproj", "{782794AA-A230-4D3F-8C3D-7F82683E8838}"
EndProject
Project("{FAE04EC0-301F-11D3-BF4B-00C04F79EFBC}") = "Educational_Api_Tests", "Educational_Api_Tests\Educational_Api_Tests.csproj", "{F417BA8E-FFF9-412D-8683-19449082FCCA}"
EndProject
Global
	GlobalSection(SolutionConfigurationPlatforms) = preSolution
		Debug|Any CPU = Debug|Any CPU
		Release|Any CPU = Release|Any CPU
	EndGlobalSection
	GlobalSection(ProjectConfigurationPlatforms) = postSolution
		{782794AA-A230-4D3F-8C3D-7F82683E8838}.Debug|Any CPU.ActiveCfg = Debug|Any CPU
		{782794AA-A230-4D3F-8C3D-7F82683E8838}.Debug|Any CPU.Build.0 = Debug|Any CPU
		{782794AA-A230-4D3F-8C3D-7F82683E8838}.Release|Any CPU.ActiveCfg = Release|Any CPU
		{782794AA-A230-4D3F-8C3D-7F82683E8838}.Release|Any CPU.Build.0 = Release|Any CPU
		{F417BA8E-FFF9-412D-8683-19449082FCCA}.Debug|Any CPU.ActiveCfg = Debug|Any CPU
		{F417BA8E-FFF9-412D-8683-19449082FCCA}.Debug|Any CPU.Build.0 = Debug|Any CPU
		{F417BA8E-FFF9-412D-8683-19449082FCCA}.Release|Any CPU.ActiveCfg = Release|Any CPU
		{F417BA8E-FFF9-412D-8683-19449082FCCA}.Release|Any CPU.Build.0 = Release|Any CPU
	EndGlobalSection
	GlobalSection(SolutionProperties) = preSolution
		HideSolutionNode = FALSE
	EndGlobalSection
	GlobalSection(ExtensibilityGlobals) = postSolution
		SolutionGuid = {768FAFDE-0812-432F-8BB0-49570B22896E}
	EndGlobalSection
EndGlobal
